
Microsoft Visual Studio Solution File, Format Version 12.00
Project("{FAE04EC0-301F-11D3-BF4B-00C04F79EFBC}") = "BackupApp.Core", "BackupApp.Core\BackupApp.Core.csproj", "{1CB70583-1B4C-466B-A9C9-7D063751F4D7}"
EndProject
Project("{FAE04EC0-301F-11D3-BF4B-00C04F79EFBC}") = "BackupApp.Data", "BackupApp.Data\BackupApp.Data.csproj", "{F3530AA6-6DA7-4857-A398-894C049D17BF}"
EndProject
Project("{FAE04EC0-301F-11D3-BF4B-00C04F79EFBC}") = "BackupApp.WPF", "BackupApp.WPF\BackupApp.WPF.csproj", "{D4F0409E-EFDE-43A4-BA16-21E3864BD56C}"
EndProject
Global
	GlobalSection(SolutionConfigurationPlatforms) = preSolution
		Debug|Any CPU = Debug|Any CPU
		Debug|x64 = Debug|x64
		Debug|x86 = Debug|x86
		Release|Any CPU = Release|Any CPU
		Release|x64 = Release|x64
		Release|x86 = Release|x86
	EndGlobalSection
	GlobalSection(ProjectConfigurationPlatforms) = postSolution
		{1CB70583-1B4C-466B-A9C9-7D063751F4D7}.Debug|Any CPU.ActiveCfg = Debug|Any CPU
		{1CB70583-1B4C-466B-A9C9-7D063751F4D7}.Debug|Any CPU.Build.0 = Debug|Any CPU
		{1CB70583-1B4C-466B-A9C9-7D063751F4D7}.Debug|x64.ActiveCfg = Debug|Any CPU
		{1CB70583-1B4C-466B-A9C9-7D063751F4D7}.Debug|x64.Build.0 = Debug|Any CPU
		{1CB70583-1B4C-466B-A9C9-7D063751F4D7}.Debug|x86.ActiveCfg = Debug|Any CPU
		{1CB70583-1B4C-466B-A9C9-7D063751F4D7}.Debug|x86.Build.0 = Debug|Any CPU
		{1CB70583-1B4C-466B-A9C9-7D063751F4D7}.Release|Any CPU.ActiveCfg = Release|Any CPU
		{1CB70583-1B4C-466B-A9C9-7D063751F4D7}.Release|Any CPU.Build.0 = Release|Any CPU
		{1CB70583-1B4C-466B-A9C9-7D063751F4D7}.Release|x64.ActiveCfg = Release|Any CPU
		{1CB70583-1B4C-466B-A9C9-7D063751F4D7}.Release|x64.Build.0 = Release|Any CPU
		{1CB70583-1B4C-466B-A9C9-7D063751F4D7}.Release|x86.ActiveCfg = Release|Any CPU
		{1CB70583-1B4C-466B-A9C9-7D063751F4D7}.Release|x86.Build.0 = Release|Any CPU
		{F3530AA6-6DA7-4857-A398-894C049D17BF}.Debug|Any CPU.ActiveCfg = Debug|Any CPU
		{F3530AA6-6DA7-4857-A398-894C049D17BF}.Debug|Any CPU.Build.0 = Debug|Any CPU
		{F3530AA6-6DA7-4857-A398-894C049D17BF}.Debug|x64.ActiveCfg = Debug|Any CPU
		{F3530AA6-6DA7-4857-A398-894C049D17BF}.Debug|x64.Build.0 = Debug|Any CPU
		{F3530AA6-6DA7-4857-A398-894C049D17BF}.Debug|x86.ActiveCfg = Debug|Any CPU
		{F3530AA6-6DA7-4857-A398-894C049D17BF}.Debug|x86.Build.0 = Debug|Any CPU
		{F3530AA6-6DA7-4857-A398-894C049D17BF}.Release|Any CPU.ActiveCfg = Release|Any CPU
		{F3530AA6-6DA7-4857-A398-894C049D17BF}.Release|Any CPU.Build.0 = Release|Any CPU
		{F3530AA6-6DA7-4857-A398-894C049D17BF}.Release|x64.ActiveCfg = Release|Any CPU
		{F3530AA6-6DA7-4857-A398-894C049D17BF}.Release|x64.Build.0 = Release|Any CPU
		{F3530AA6-6DA7-4857-A398-894C049D17BF}.Release|x86.ActiveCfg = Release|Any CPU
		{F3530AA6-6DA7-4857-A398-894C049D17BF}.Release|x86.Build.0 = Release|Any CPU
		{D4F0409E-EFDE-43A4-BA16-21E3864BD56C}.Debug|Any CPU.ActiveCfg = Debug|Any CPU
		{D4F0409E-EFDE-43A4-BA16-21E3864BD56C}.Debug|Any CPU.Build.0 = Debug|Any CPU
		{D4F0409E-EFDE-43A4-BA16-21E3864BD56C}.Debug|x64.ActiveCfg = Debug|Any CPU
		{D4F0409E-EFDE-43A4-BA16-21E3864BD56C}.Debug|x64.Build.0 = Debug|Any CPU
		{D4F0409E-EFDE-43A4-BA16-21E3864BD56C}.Debug|x86.ActiveCfg = Debug|Any CPU
		{D4F0409E-EFDE-43A4-BA16-21E3864BD56C}.Debug|x86.Build.0 = Debug|Any CPU
		{D4F0409E-EFDE-43A4-BA16-21E3864BD56C}.Release|Any CPU.ActiveCfg = Release|Any CPU
		{D4F0409E-EFDE-43A4-BA16-21E3864BD56C}.Release|Any CPU.Build.0 = Release|Any CPU
		{D4F0409E-EFDE-43A4-BA16-21E3864BD56C}.Release|x64.ActiveCfg = Release|Any CPU
		{D4F0409E-EFDE-43A4-BA16-21E3864BD56C}.Release|x64.Build.0 = Release|Any CPU
		{D4F0409E-EFDE-43A4-BA16-21E3864BD56C}.Release|x86.ActiveCfg = Release|Any CPU
		{D4F0409E-EFDE-43A4-BA16-21E3864BD56C}.Release|x86.Build.0 = Release|Any CPU
	EndGlobalSection
	GlobalSection(SolutionProperties) = preSolution
		HideSolutionNode = FALSE
	EndGlobalSection
EndGlobal
